
Microsoft Visual Studio Solution File, Format Version 12.00
# Visual Studio 15
VisualStudioVersion = 15.0.27130.2003
MinimumVisualStudioVersion = 10.0.40219.1
Project("{FAE04EC0-301F-11D3-BF4B-00C04F79EFBC}") = "PingCastle", "PingCastle.csproj", "{52BBA3C2-A74E-4096-B65F-B88C38F92120}"
EndProject
Global
	GlobalSection(SolutionConfigurationPlatforms) = preSolution
		Debug|x64 = Debug|x64
		Debug|x86 = Debug|x86
		Release|x64 = Release|x64
		Release|x86 = Release|x86
	EndGlobalSection
	GlobalSection(ProjectConfigurationPlatforms) = postSolution
		{52BBA3C2-A74E-4096-B65F-B88C38F92120}.Debug|x64.ActiveCfg = Debug|Any CPU
		{52BBA3C2-A74E-4096-B65F-B88C38F92120}.Debug|x64.Build.0 = Debug|Any CPU
		{52BBA3C2-A74E-4096-B65F-B88C38F92120}.Debug|x86.ActiveCfg = Debug|Any CPU
		{52BBA3C2-A74E-4096-B65F-B88C38F92120}.Debug|x86.Build.0 = Debug|Any CPU
		{52BBA3C2-A74E-4096-B65F-B88C38F92120}.Release|x64.ActiveCfg = Release|Any CPU
		{52BBA3C2-A74E-4096-B65F-B88C38F92120}.Release|x64.Build.0 = Release|Any CPU
		{52BBA3C2-A74E-4096-B65F-B88C38F92120}.Release|x86.ActiveCfg = Release|Any CPU
		{52BBA3C2-A74E-4096-B65F-B88C38F92120}.Release|x86.Build.0 = Release|Any CPU
	EndGlobalSection
	GlobalSection(SolutionProperties) = preSolution
		HideSolutionNode = FALSE
	EndGlobalSection
	GlobalSection(ExtensibilityGlobals) = postSolution
		SolutionGuid = {EC2B7D83-FCCE-4EF6-B7D1-7B63907C25D7}
	EndGlobalSection
EndGlobal
